github.com/alphadose/haxmap v1.1.0 h1:M7Dxdr+civMQkWCgDpoktNpLofDBz7XzdS3rF3Y6r4U=
github.com/alphadose/haxmap v1.1.0/go.mod h1:Pq2IXbl9/ytYHfrIAd7rIVtZQ2ezdIhZfvdqOizDeWY=
github.com/cornelk/hashmap v1.0.8 h1:nv0AWgw02n+iDcawr5It4CjQIAcdMMKRrs10HOJYlrc=
github.com/cornelk/hashmap v1.0.8/go.mod h1:RfZb7JO3RviW/rT6emczVuC/oxpdz4UsSB2LJSclR1k=
github.com/davecgh/go-spew v1.1.1 h1:vj9j/u1bqnvCEfJOwUhtlOARqs3+rkHYY13jYWTU97c=
github.com/orcaman/concurrent-map/v2 v2.0.0 h1:iSMwuBQvQ1nX5i9gYuGMiSy0fjWHmazdjF+NdSO9JzI=
github.com/orcaman/concurrent-map/v2 v2.0.0/go.mod h1:9Eq3TG2oBe5FirmYWQfYO5iH1q0Jv47PLaNK++uCdOM=
github.com/pmezard/go-difflib v1.0.0 h1:4DBwDE0NGyQoBHbLQYPwSUPoCMWR5BEzIk/f1lZbAQM=
github.com/puzpuzpuz/xsync/v2 v2.3.0 h1:9BabeMbrXhp7NNQ4eoxJWAcIVbsZSko1IEkCETBvWTs=
github.com/puzpuzpuz/xsync/v2 v2.3.0/go.mod h1:gD2H2krq/w52MfPLE+Uy64TzJDVY7lP2znR9qmR35kU=
github.com/smallnest/safemap v0.0.0-20220904104306-ea4af14ec8ea h1:+tYs23f4MRgbu3RjueIXUwiaAKQM0ucH7f6eGhkm8yw=
github.com/smallnest/safemap v0.0.0-20220904104306-ea4af14ec8ea/go.mod h1:E+mbNx88W1gSDEmixSXwFF8H/BWtU8wW7MUh00Eg5Gc=
github.com/stretchr/testify v1.8.0 h1:pSgiaMZlXftHpm5L7V1+rVB+AZJydKsMxsQBIJw4PKk=
github.com/zhangyunhao116/fastrand v0.3.0 h1:7bwe124xcckPulX6fxtr2lFdO2KQqaefdtbk+mqO/Ig=
github.com/zhangyunhao116/fastrand v0.3.0/go.mod h1:0v5KgHho0VE6HU192HnY15de/oDS8UrbBChIFjIhBtc=
github.com/zhangyunhao116/skipmap v0.10.1 h1:CMH4yGZQESBM1kUNozQqQ+Ra2pKqwF3HxaTADOaIfPs=
github.com/zhangyunhao116/skipmap v0.10.1/go.mod h1:CClnLPHl3DI+hHgrcy0OZ/QJ45AWgA3ObVcQyJop12c=
gopkg.in/yaml.v3 v3.0.1 h1:fxVm/GzAzEWqLHuvctI91KS9hhNmmWOoWu0XTYJS7CA=
